{
  "version": 4,
  "terraform_version": "1.3.2",
  "serial": 5,
  "lineage": "29669d7f-71a0-2e54-1f2c-cb1182447480",
  "outputs": {},
  "resources": [
    {
      "mode": "managed",
      "type": "github_repository",
      "name": "terraform-first-repo",
      "provider": "provider[\"registry.terraform.io/hashicorp/github\"]",
      "instances": [
        {
          "schema_version": 0,
          "attributes": {
            "allow_auto_merge": false,
            "allow_merge_commit": true,
            "allow_rebase_merge": true,
            "allow_squash_merge": true,
            "archive_on_destroy": null,
            "archived": false,
            "auto_init": true,
            "default_branch": "main",
            "delete_branch_on_merge": false,
            "description": "My first resource for my youtube viewuser",
            "etag": "W/\"07e5bfcba736ef96b3c5e589f314569f1049a8b131e7a5c8c80633f5c228faa4\"",
            "full_name": "gaurav909/first-repo-from-terraform",
            "git_clone_url": "git://github.com/gaurav909/first-repo-from-terraform.git",
            "gitignore_template": null,
            "has_downloads": false,
            "has_issues": false,
            "has_projects": false,
            "has_wiki": false,
            "homepage_url": "",
            "html_url": "https://github.com/gaurav909/first-repo-from-terraform",
            "http_clone_url": "https://github.com/gaurav909/first-repo-from-terraform.git",
            "id": "first-repo-from-terraform",
            "ignore_vulnerability_alerts_during_read": null,
            "is_template": false,
            "license_template": null,
            "merge_commit_message": "PR_TITLE",
            "merge_commit_title": "MERGE_MESSAGE",
            "name": "first-repo-from-terraform",
            "node_id": "R_kgDOIQdRaQ",
            "pages": [],
            "private": false,
            "repo_id": 554127721,
            "squash_merge_commit_message": "COMMIT_MESSAGES",
            "squash_merge_commit_title": "COMMIT_OR_PR_TITLE",
            "ssh_clone_url": "git@github.com:gaurav909/first-repo-from-terraform.git",
            "svn_url": "https://github.com/gaurav909/first-repo-from-terraform",
            "template": [],
            "topics": null,
            "visibility": "public",
            "vulnerability_alerts": false
          },
          "sensitive_attributes": [],
          "private": "bnVsbA=="
        }
      ]
    }
  ],
  "check_results": []
}
